
Microsoft Visual Studio Solution File, Format Version 12.00
# Visual Studio Version 17
VisualStudioVersion = 17.4.33213.308
MinimumVisualStudioVersion = 10.0.40219.1
Project("{FAE04EC0-301F-11D3-BF4B-00C04F79EFBC}") = "Week2", "Week2\Week2.csproj", "{77E9B6BA-02F5-47C1-B59C-6F3EEEC091BE}"
EndProject
Project("{FAE04EC0-301F-11D3-BF4B-00C04F79EFBC}") = "UserGenderValidation", "UserAgeValidation\UserGenderValidation.csproj", "{085A795B-2BA5-413E-8094-611B27EFB618}"
EndProject
Project("{FAE04EC0-301F-11D3-BF4B-00C04F79EFBC}") = "UserAgeValidation2", "UserAgeValidation2\UserAgeValidation2.csproj", "{04C0D14E-5044-448D-9717-D88CB21B0BDF}"
EndProject
Global
	GlobalSection(SolutionConfigurationPlatforms) = preSolution
		Debug|Any CPU = Debug|Any CPU
		Release|Any CPU = Release|Any CPU
	EndGlobalSection
	GlobalSection(ProjectConfigurationPlatforms) = postSolution
		{77E9B6BA-02F5-47C1-B59C-6F3EEEC091BE}.Debug|Any CPU.ActiveCfg = Debug|Any CPU
		{77E9B6BA-02F5-47C1-B59C-6F3EEEC091BE}.Debug|Any CPU.Build.0 = Debug|Any CPU
		{77E9B6BA-02F5-47C1-B59C-6F3EEEC091BE}.Release|Any CPU.ActiveCfg = Release|Any CPU
		{77E9B6BA-02F5-47C1-B59C-6F3EEEC091BE}.Release|Any CPU.Build.0 = Release|Any CPU
		{085A795B-2BA5-413E-8094-611B27EFB618}.Debug|Any CPU.ActiveCfg = Debug|Any CPU
		{085A795B-2BA5-413E-8094-611B27EFB618}.Debug|Any CPU.Build.0 = Debug|Any CPU
		{085A795B-2BA5-413E-8094-611B27EFB618}.Release|Any CPU.ActiveCfg = Release|Any CPU
		{085A795B-2BA5-413E-8094-611B27EFB618}.Release|Any CPU.Build.0 = Release|Any CPU
		{04C0D14E-5044-448D-9717-D88CB21B0BDF}.Debug|Any CPU.ActiveCfg = Debug|Any CPU
		{04C0D14E-5044-448D-9717-D88CB21B0BDF}.Debug|Any CPU.Build.0 = Debug|Any CPU
		{04C0D14E-5044-448D-9717-D88CB21B0BDF}.Release|Any CPU.ActiveCfg = Release|Any CPU
		{04C0D14E-5044-448D-9717-D88CB21B0BDF}.Release|Any CPU.Build.0 = Release|Any CPU
	EndGlobalSection
	GlobalSection(SolutionProperties) = preSolution
		HideSolutionNode = FALSE
	EndGlobalSection
	GlobalSection(ExtensibilityGlobals) = postSolution
		SolutionGuid = {7DCEAB8E-0C93-4F28-B477-9AAE1A132832}
	EndGlobalSection
EndGlobal
